
Microsoft Visual Studio Solution File, Format Version 10.00
# Visual Studio 2008
Project("{8BC9CEB8-8B4A-11D0-8D11-00A0C91BC942}") = "Marsh", "Marsh\Marsh.vcproj", "{04BE6EDF-3FF8-4ACC-95FD-FD12AF50273E}"
EndProject
Project("{2150E333-8FDC-42A3-9474-1A3956D46DE8}") = "Solution Items", "Solution Items", "{CE1B8FE5-9D01-4522-BB95-E27DCC9696FA}"
EndProject
Global
	GlobalSection(SolutionConfigurationPlatforms) = preSolution
		Debug|Win32 = Debug|Win32
		Release|Win32 = Release|Win32
	EndGlobalSection
	GlobalSection(ProjectConfigurationPlatforms) = postSolution
		{04BE6EDF-3FF8-4ACC-95FD-FD12AF50273E}.Debug|Win32.ActiveCfg = Debug|Win32
		{04BE6EDF-3FF8-4ACC-95FD-FD12AF50273E}.Debug|Win32.Build.0 = Debug|Win32
		{04BE6EDF-3FF8-4ACC-95FD-FD12AF50273E}.Release|Win32.ActiveCfg = Release|Win32
		{04BE6EDF-3FF8-4ACC-95FD-FD12AF50273E}.Release|Win32.Build.0 = Release|Win32
	EndGlobalSection
	GlobalSection(SolutionProperties) = preSolution
		HideSolutionNode = FALSE
	EndGlobalSection
EndGlobal
